{
  "requires": true,
  "lockfileVersion": 1,
  "dependencies": {
    "ios-deploy": {
      "version": "1.11.0",
      "resolved": "https://registry.npmjs.org/ios-deploy/-/ios-deploy-1.11.0.tgz",
      "integrity": "sha512-2E6MYY8lsos9iCJhVGGiyV7sGPJhjmgyaArR3nKFnliBxpJA0AGqsjgcHmzpClt3JuyQEHRMARLX0jItSOXPeQ=="
    }
  }
}
